
Microsoft Visual Studio Solution File, Format Version 12.00
# Visual Studio 15
VisualStudioVersion = 15.0.27703.2000
MinimumVisualStudioVersion = 10.0.40219.1
Project("{FAE04EC0-301F-11D3-BF4B-00C04F79EFBC}") = "ReviewSiteMVC", "ReviewSiteMVC\ReviewSiteMVC.csproj", "{AEAE48B9-24A6-4637-9BCA-3FF5F04DC1B7}"
EndProject
Global
	GlobalSection(SolutionConfigurationPlatforms) = preSolution
		Debug|Any CPU = Debug|Any CPU
		Release|Any CPU = Release|Any CPU
	EndGlobalSection
	GlobalSection(ProjectConfigurationPlatforms) = postSolution
		{AEAE48B9-24A6-4637-9BCA-3FF5F04DC1B7}.Debug|Any CPU.ActiveCfg = Debug|Any CPU
		{AEAE48B9-24A6-4637-9BCA-3FF5F04DC1B7}.Debug|Any CPU.Build.0 = Debug|Any CPU
		{AEAE48B9-24A6-4637-9BCA-3FF5F04DC1B7}.Release|Any CPU.ActiveCfg = Release|Any CPU
		{AEAE48B9-24A6-4637-9BCA-3FF5F04DC1B7}.Release|Any CPU.Build.0 = Release|Any CPU
	EndGlobalSection
	GlobalSection(SolutionProperties) = preSolution
		HideSolutionNode = FALSE
	EndGlobalSection
	GlobalSection(ExtensibilityGlobals) = postSolution
		SolutionGuid = {9FF43A93-FC2F-43B5-BB11-A5E60E363DA6}
	EndGlobalSection
EndGlobal
